// !$*UTF8*$!
{
	archiveVersion = 1;
	classes = {
	};
	objectVersion = 56;
	objects = {

/* Begin PBXBuildFile section */
		395FEF302B99ED9C00CAB2D8 /* KHButton.swift in Sources */ = {isa = PBXBuildFile; fileRef = 395FEF2F2B99ED9C00CAB2D8 /* KHButton.swift */; };
		396AB08A2BA08599006587A7 /* KHToast.swift in Sources */ = {isa = PBXBuildFile; fileRef = 396AB0892BA08599006587A7 /* KHToast.swift */; };
		3974BED52B9897D2004453EC /* KHAlertApp.swift in Sources */ = {isa = PBXBuildFile; fileRef = 3974BED42B9897D2004453EC /* KHAlertApp.swift */; };
		3974BED72B9897D2004453EC /* ContentView.swift in Sources */ = {isa = PBXBuildFile; fileRef = 3974BED62B9897D2004453EC /* ContentView.swift */; };
		3974BED92B9897D3004453EC /* Assets.xcassets in Resources */ = {isa = PBXBuildFile; fileRef = 3974BED82B9897D3004453EC /* Assets.xcassets */; };
		3974BEDC2B9897D3004453EC /* Preview Assets.xcassets in Resources */ = {isa = PBXBuildFile; fileRef = 3974BEDB2B9897D3004453EC /* Preview Assets.xcassets */; };
		3974BEE32B98983B004453EC /* KHAlert.swift in Sources */ = {isa = PBXBuildFile; fileRef = 3974BEE22B98983B004453EC /* KHAlert.swift */; };
		3974BEE52B98A646004453EC /* KHAlertTitle.swift in Sources */ = {isa = PBXBuildFile; fileRef = 3974BEE42B98A646004453EC /* KHAlertTitle.swift */; };
		3974BEE72B98A68E004453EC /* KHAlertMessege.swift in Sources */ = {isa = PBXBuildFile; fileRef = 3974BEE62B98A68E004453EC /* KHAlertMessege.swift */; };
		3974BEE92B98A6CE004453EC /* KHAlertButton.swift in Sources */ = {isa = PBXBuildFile; fileRef = 3974BEE82B98A6CE004453EC /* KHAlertButton.swift */; };
/* End PBXBuildFile section */

/* Begin PBXFileReference section */
		395FEF2F2B99ED9C00CAB2D8 /* KHButton.swift */ = {isa = PBXFileReference; lastKnownFileType = sourcecode.swift; path = KHButton.swift; sourceTree = "<group>"; };
		396AB0892BA08599006587A7 /* KHToast.swift */ = {isa = PBXFileReference; lastKnownFileType = sourcecode.swift; path = KHToast.swift; sourceTree = "<group>"; };
		3974BED12B9897D2004453EC /* KHAlert.app */ = {isa = PBXFileReference; explicitFileType = wrapper.application; includeInIndex = 0; path = KHAlert.app; sourceTree = BUILT_PRODUCTS_DIR; };
		3974BED42B9897D2004453EC /* KHAlertApp.swift */ = {isa = PBXFileReference; lastKnownFileType = sourcecode.swift; path = KHAlertApp.swift; sourceTree = "<group>"; };
		3974BED62B9897D2004453EC /* ContentView.swift */ = {isa = PBXFileReference; lastKnownFileType = sourcecode.swift; path = ContentView.swift; sourceTree = "<group>"; };
		3974BED82B9897D3004453EC /* Assets.xcassets */ = {isa = PBXFileReference; lastKnownFileType = folder.assetcatalog; path = Assets.xcassets; sourceTree = "<group>"; };
		3974BEDB2B9897D3004453EC /* Preview Assets.xcassets */ = {isa = PBXFileReference; lastKnownFileType = folder.assetcatalog; path = "Preview Assets.xcassets"; sourceTree = "<group>"; };
		3974BEE22B98983B004453EC /* KHAlert.swift */ = {isa = PBXFileReference; lastKnownFileType = sourcecode.swift; path = KHAlert.swift; sourceTree = "<group>"; };
		3974BEE42B98A646004453EC /* KHAlertTitle.swift */ = {isa = PBXFileReference; lastKnownFileType = sourcecode.swift; path = KHAlertTitle.swift; sourceTree = "<group>"; };
		3974BEE62B98A68E004453EC /* KHAlertMessege.swift */ = {isa = PBXFileReference; lastKnownFileType = sourcecode.swift; path = KHAlertMessege.swift; sourceTree = "<group>"; };
		3974BEE82B98A6CE004453EC /* KHAlertButton.swift */ = {isa = PBXFileReference; lastKnownFileType = sourcecode.swift; path = KHAlertButton.swift; sourceTree = "<group>"; };
/* End PBXFileReference section */

/* Begin PBXFrameworksBuildPhase section */
		3974BECE2B9897D2004453EC /* Frameworks */ = {
			isa = PBXFrameworksBuildPhase;
			buildActionMask = 2147483647;
			files = (
			);
			runOnlyForDeploymentPostprocessing = 0;
		};
/* End PBXFrameworksBuildPhase section */

/* Begin PBXGroup section */
		3974BEC82B9897D2004453EC = {
			isa = PBXGroup;
			children = (
				3974BED32B9897D2004453EC /* KHAlert */,
				3974BED22B9897D2004453EC /* Products */,
			);
			sourceTree = "<group>";
		};
		3974BED22B9897D2004453EC /* Products */ = {
			isa = PBXGroup;
			children = (
				3974BED12B9897D2004453EC /* KHAlert.app */,
			);
			name = Products;
			sourceTree = "<group>";
		};
		3974BED32B9897D2004453EC /* KHAlert */ = {
			isa = PBXGroup;
			children = (
				3974BED42B9897D2004453EC /* KHAlertApp.swift */,
				3974BED62B9897D2004453EC /* ContentView.swift */,
				3974BED82B9897D3004453EC /* Assets.xcassets */,
				3974BEDA2B9897D3004453EC /* Preview Content */,
				3974BEE22B98983B004453EC /* KHAlert.swift */,
				3974BEE42B98A646004453EC /* KHAlertTitle.swift */,
				3974BEE62B98A68E004453EC /* KHAlertMessege.swift */,
				3974BEE82B98A6CE004453EC /* KHAlertButton.swift */,
				395FEF2F2B99ED9C00CAB2D8 /* KHButton.swift */,
				396AB0892BA08599006587A7 /* KHToast.swift */,
			);
			path = KHAlert;
			sourceTree = "<group>";
		};
		3974BEDA2B9897D3004453EC /* Preview Content */ = {
			isa = PBXGroup;
			children = (
				3974BEDB2B9897D3004453EC /* Preview Assets.xcassets */,
			);
			path = "Preview Content";
			sourceTree = "<group>";
		};
/* End PBXGroup section */

/* Begin PBXNativeTarget section */
		3974BED02B9897D2004453EC /* KHAlert */ = {
			isa = PBXNativeTarget;
			buildConfigurationList = 3974BEDF2B9897D3004453EC /* Build configuration list for PBXNativeTarget "KHAlert" */;
			buildPhases = (
				3974BECD2B9897D2004453EC /* Sources */,
				3974BECE2B9897D2004453EC /* Frameworks */,
				3974BECF2B9897D2004453EC /* Resources */,
			);
			buildRules = (
			);
			dependencies = (
			);
			name = KHAlert;
			productName = KHAlert;
			productReference = 3974BED12B9897D2004453EC /* KHAlert.app */;
			productType = "com.apple.product-type.application";
		};
/* End PBXNativeTarget section */

/* Begin PBXProject section */
		3974BEC92B9897D2004453EC /* Project object */ = {
			isa = PBXProject;
			attributes = {
				BuildIndependentTargetsInParallel = 1;
				LastSwiftUpdateCheck = 1530;
				LastUpgradeCheck = 1530;
				TargetAttributes = {
					3974BED02B9897D2004453EC = {
						CreatedOnToolsVersion = 15.3;
					};
				};
			};
			buildConfigurationList = 3974BECC2B9897D2004453EC /* Build configuration list for PBXProject "KHAlert" */;
			compatibilityVersion = "Xcode 14.0";
			developmentRegion = en;
			hasScannedForEncodings = 0;
			knownRegions = (
				en,
				Base,
			);
			mainGroup = 3974BEC82B9897D2004453EC;
			productRefGroup = 3974BED22B9897D2004453EC /* Products */;
			projectDirPath = "";
			projectRoot = "";
			targets = (
				3974BED02B9897D2004453EC /* KHAlert */,
			);
		};
/* End PBXProject section */

/* Begin PBXResourcesBuildPhase section */
		3974BECF2B9897D2004453EC /* Resources */ = {
			isa = PBXResourcesBuildPhase;
			buildActionMask = 2147483647;
			files = (
				3974BEDC2B9897D3004453EC /* Preview Assets.xcassets in Resources */,
				3974BED92B9897D3004453EC /* Assets.xcassets in Resources */,
			);
			runOnlyForDeploymentPostprocessing = 0;
		};
/* End PBXResourcesBuildPhase section */

/* Begin PBXSourcesBuildPhase section */
		3974BECD2B9897D2004453EC /* Sources */ = {
			isa = PBXSourcesBuildPhase;
			buildActionMask = 2147483647;
			files = (
				3974BED72B9897D2004453EC /* ContentView.swift in Sources */,
				3974BEE52B98A646004453EC /* KHAlertTitle.swift in Sources */,
				3974BEE32B98983B004453EC /* KHAlert.swift in Sources */,
				395FEF302B99ED9C00CAB2D8 /* KHButton.swift in Sources */,
				3974BEE92B98A6CE004453EC /* KHAlertButton.swift in Sources */,
				3974BED52B9897D2004453EC /* KHAlertApp.swift in Sources */,
				396AB08A2BA08599006587A7 /* KHToast.swift in Sources */,
				3974BEE72B98A68E004453EC /* KHAlertMessege.swift in Sources */,
			);
			runOnlyForDeploymentPostprocessing = 0;
		};
/* End PBXSourcesBuildPhase section */

/* Begin XCBuildConfiguration section */
		3974BEDD2B9897D3004453EC /* Debug */ = {
			isa = XCBuildConfiguration;
			buildSettings = {
				ALWAYS_SEARCH_USER_PATHS = NO;
				ASSETCATALOG_COMPILER_GENERATE_SWIFT_ASSET_SYMBOL_EXTENSIONS = YES;
				CLANG_ANALYZER_NONNULL = YES;
				CLANG_ANALYZER_NUMBER_OBJECT_CONVERSION = YES_AGGRESSIVE;
				CLANG_CXX_LANGUAGE_STANDARD = "gnu++20";
				CLANG_ENABLE_MODULES = YES;
				CLANG_ENABLE_OBJC_ARC = YES;
				CLANG_ENABLE_OBJC_WEAK = YES;
				CLANG_WARN_BLOCK_CAPTURE_AUTORELEASING = YES;
				CLANG_WARN_BOOL_CONVERSION = YES;
				CLANG_WARN_COMMA = YES;
				CLANG_WARN_CONSTANT_CONVERSION = YES;
				CLANG_WARN_DEPRECATED_OBJC_IMPLEMENTATIONS = YES;
				CLANG_WARN_DIRECT_OBJC_ISA_USAGE = YES_ERROR;
				CLANG_WARN_DOCUMENTATION_COMMENTS = YES;
				CLANG_WARN_EMPTY_BODY = YES;
				CLANG_WARN_ENUM_CONVERSION = YES;
				CLANG_WARN_INFINITE_RECURSION = YES;
				CLANG_WARN_INT_CONVERSION = YES;
				CLANG_WARN_NON_LITERAL_NULL_CONVERSION = YES;
				CLANG_WARN_OBJC_IMPLICIT_RETAIN_SELF = YES;
				CLANG_WARN_OBJC_LITERAL_CONVERSION = YES;
				CLANG_WARN_OBJC_ROOT_CLASS = YES_ERROR;
				CLANG_WARN_QUOTED_INCLUDE_IN_FRAMEWORK_HEADER = YES;
				CLANG_WARN_RANGE_LOOP_ANALYSIS = YES;
				CLANG_WARN_STRICT_PROTOTYPES = YES;
				CLANG_WARN_SUSPICIOUS_MOVE = YES;
				CLANG_WARN_UNGUARDED_AVAILABILITY = YES_AGGRESSIVE;
				CLANG_WARN_UNREACHABLE_CODE = YES;
				CLANG_WARN__DUPLICATE_METHOD_MATCH = YES;
				COPY_PHASE_STRIP = NO;
				DEBUG_INFORMATION_FORMAT = dwarf;
				ENABLE_STRICT_OBJC_MSGSEND = YES;
				ENABLE_TESTABILITY = YES;
				ENABLE_USER_SCRIPT_SANDBOXING = YES;
				GCC_C_LANGUAGE_STANDARD = gnu17;
				GCC_DYNAMIC_NO_PIC = NO;
				GCC_NO_COMMON_BLOCKS = YES;
				GCC_OPTIMIZATION_LEVEL = 0;
				GCC_PREPROCESSOR_DEFINITIONS = (
					"DEBUG=1",
					"$(inherited)",
				);
				GCC_WARN_64_TO_32_BIT_CONVERSION = YES;
				GCC_WARN_ABOUT_RETURN_TYPE = YES_ERROR;
				GCC_WARN_UNDECLARED_SELECTOR = YES;
				GCC_WARN_UNINITIALIZED_AUTOS = YES_AGGRESSIVE;
				GCC_WARN_UNUSED_FUNCTION = YES;
				GCC_WARN_UNUSED_VARIABLE = YES;
				IPHONEOS_DEPLOYMENT_TARGET = 17.4;
				LOCALIZATION_PREFERS_STRING_CATALOGS = YES;
				MTL_ENABLE_DEBUG_INFO = INCLUDE_SOURCE;
				MTL_FAST_MATH = YES;
				ONLY_ACTIVE_ARCH = YES;
				SDKROOT = iphoneos;
				SWIFT_ACTIVE_COMPILATION_CONDITIONS = "DEBUG $(inherited)";
				SWIFT_OPTIMIZATION_LEVEL = "-Onone";
			};
			name = Debug;
		};
		3974BEDE2B9897D3004453EC /* Release */ = {
			isa = XCBuildConfiguration;
			buildSettings = {
				ALWAYS_SEARCH_USER_PATHS = NO;
				ASSETCATALOG_COMPILER_GENERATE_SWIFT_ASSET_SYMBOL_EXTENSIONS = YES;
				CLANG_ANALYZER_NONNULL = YES;
				CLANG_ANALYZER_NUMBER_OBJECT_CONVERSION = YES_AGGRESSIVE;
				CLANG_CXX_LANGUAGE_STANDARD = "gnu++20";
				CLANG_ENABLE_MODULES = YES;
				CLANG_ENABLE_OBJC_ARC = YES;
				CLANG_ENABLE_OBJC_WEAK = YES;
				CLANG_WARN_BLOCK_CAPTURE_AUTORELEASING = YES;
				CLANG_WARN_BOOL_CONVERSION = YES;
				CLANG_WARN_COMMA = YES;
				CLANG_WARN_CONSTANT_CONVERSION = YES;
				CLANG_WARN_DEPRECATED_OBJC_IMPLEMENTATIONS = YES;
				CLANG_WARN_DIRECT_OBJC_ISA_USAGE = YES_ERROR;
				CLANG_WARN_DOCUMENTATION_COMMENTS = YES;
				CLANG_WARN_EMPTY_BODY = YES;
				CLANG_WARN_ENUM_CONVERSION = YES;
				CLANG_WARN_INFINITE_RECURSION = YES;
				CLANG_WARN_INT_CONVERSION = YES;
				CLANG_WARN_NON_LITERAL_NULL_CONVERSION = YES;
				CLANG_WARN_OBJC_IMPLICIT_RETAIN_SELF = YES;
				CLANG_WARN_OBJC_LITERAL_CONVERSION = YES;
				CLANG_WARN_OBJC_ROOT_CLASS = YES_ERROR;
				CLANG_WARN_QUOTED_INCLUDE_IN_FRAMEWORK_HEADER = YES;
				CLANG_WARN_RANGE_LOOP_ANALYSIS = YES;
				CLANG_WARN_STRICT_PROTOTYPES = YES;
				CLANG_WARN_SUSPICIOUS_MOVE = YES;
				CLANG_WARN_UNGUARDED_AVAILABILITY = YES_AGGRESSIVE;
				CLANG_WARN_UNREACHABLE_CODE = YES;
				CLANG_WARN__DUPLICATE_METHOD_MATCH = YES;
				COPY_PHASE_STRIP = NO;
				DEBUG_INFORMATION_FORMAT = "dwarf-with-dsym";
				ENABLE_NS_ASSERTIONS = NO;
				ENABLE_STRICT_OBJC_MSGSEND = YES;
				ENABLE_USER_SCRIPT_SANDBOXING = YES;
				GCC_C_LANGUAGE_STANDARD = gnu17;
				GCC_NO_COMMON_BLOCKS = YES;
				GCC_WARN_64_TO_32_BIT_CONVERSION = YES;
				GCC_WARN_ABOUT_RETURN_TYPE = YES_ERROR;
				GCC_WARN_UNDECLARED_SELECTOR = YES;
				GCC_WARN_UNINITIALIZED_AUTOS = YES_AGGRESSIVE;
				GCC_WARN_UNUSED_FUNCTION = YES;
				GCC_WARN_UNUSED_VARIABLE = YES;
				IPHONEOS_DEPLOYMENT_TARGET = 17.4;
				LOCALIZATION_PREFERS_STRING_CATALOGS = YES;
				MTL_ENABLE_DEBUG_INFO = NO;
				MTL_FAST_MATH = YES;
				SDKROOT = iphoneos;
				SWIFT_COMPILATION_MODE = wholemodule;
				VALIDATE_PRODUCT = YES;
			};
			name = Release;
		};
		3974BEE02B9897D3004453EC /* Debug */ = {
			isa = XCBuildConfiguration;
			buildSettings = {
				ASSETCATALOG_COMPILER_APPICON_NAME = AppIcon;
				ASSETCATALOG_COMPILER_GLOBAL_ACCENT_COLOR_NAME = AccentColor;
				CODE_SIGN_STYLE = Automatic;
				CURRENT_PROJECT_VERSION = 1;
				DEVELOPMENT_ASSET_PATHS = "\"KHAlert/Preview Content\"";
				ENABLE_PREVIEWS = YES;
				GENERATE_INFOPLIST_FILE = YES;
				INFOPLIST_KEY_UIApplicationSceneManifest_Generation = YES;
				INFOPLIST_KEY_UIApplicationSupportsIndirectInputEvents = YES;
				INFOPLIST_KEY_UILaunchScreen_Generation = YES;
				INFOPLIST_KEY_UISupportedInterfaceOrientations_iPad = "UIInterfaceOrientationPortrait UIInterfaceOrientationPortraitUpsideDown UIInterfaceOrientationLandscapeLeft UIInterfaceOrientationLandscapeRight";
				INFOPLIST_KEY_UISupportedInterfaceOrientations_iPhone = "UIInterfaceOrientationPortrait UIInterfaceOrientationLandscapeLeft UIInterfaceOrientationLandscapeRight";
				LD_RUNPATH_SEARCH_PATHS = (
					"$(inherited)",
					"@executable_path/Frameworks",
				);
				MARKETING_VERSION = 1.0;
				PRODUCT_BUNDLE_IDENTIFIER = com.KHAlert;
				PRODUCT_NAME = "$(TARGET_NAME)";
				SWIFT_EMIT_LOC_STRINGS = YES;
				SWIFT_VERSION = 5.0;
				TARGETED_DEVICE_FAMILY = "1,2";
			};
			name = Debug;
		};
		3974BEE12B9897D3004453EC /* Release */ = {
			isa = XCBuildConfiguration;
			buildSettings = {
				ASSETCATALOG_COMPILER_APPICON_NAME = AppIcon;
				ASSETCATALOG_COMPILER_GLOBAL_ACCENT_COLOR_NAME = AccentColor;
				CODE_SIGN_STYLE = Automatic;
				CURRENT_PROJECT_VERSION = 1;
				DEVELOPMENT_ASSET_PATHS = "\"KHAlert/Preview Content\"";
				ENABLE_PREVIEWS = YES;
				GENERATE_INFOPLIST_FILE = YES;
				INFOPLIST_KEY_UIApplicationSceneManifest_Generation = YES;
				INFOPLIST_KEY_UIApplicationSupportsIndirectInputEvents = YES;
				INFOPLIST_KEY_UILaunchScreen_Generation = YES;
				INFOPLIST_KEY_UISupportedInterfaceOrientations_iPad = "UIInterfaceOrientationPortrait UIInterfaceOrientationPortraitUpsideDown UIInterfaceOrientationLandscapeLeft UIInterfaceOrientationLandscapeRight";
				INFOPLIST_KEY_UISupportedInterfaceOrientations_iPhone = "UIInterfaceOrientationPortrait UIInterfaceOrientationLandscapeLeft UIInterfaceOrientationLandscapeRight";
				LD_RUNPATH_SEARCH_PATHS = (
					"$(inherited)",
					"@executable_path/Frameworks",
				);
				MARKETING_VERSION = 1.0;
				PRODUCT_BUNDLE_IDENTIFIER = com.KHAlert;
				PRODUCT_NAME = "$(TARGET_NAME)";
				SWIFT_EMIT_LOC_STRINGS = YES;
				SWIFT_VERSION = 5.0;
				TARGETED_DEVICE_FAMILY = "1,2";
			};
			name = Release;
		};
/* End XCBuildConfiguration section */

/* Begin XCConfigurationList section */
		3974BECC2B9897D2004453EC /* Build configuration list for PBXProject "KHAlert" */ = {
			isa = XCConfigurationList;
			buildConfigurations = (
				3974BEDD2B9897D3004453EC /* Debug */,
				3974BEDE2B9897D3004453EC /* Release */,
			);
			defaultConfigurationIsVisible = 0;
			defaultConfigurationName = Release;
		};
		3974BEDF2B9897D3004453EC /* Build configuration list for PBXNativeTarget "KHAlert" */ = {
			isa = XCConfigurationList;
			buildConfigurations = (
				3974BEE02B9897D3004453EC /* Debug */,
				3974BEE12B9897D3004453EC /* Release */,
			);
			defaultConfigurationIsVisible = 0;
			defaultConfigurationName = Release;
		};
/* End XCConfigurationList section */
	};
	rootObject = 3974BEC92B9897D2004453EC /* Project object */;
}
